// !$*UTF8*$!
{
	archiveVersion = 1;
	classes = {
	};
	objectVersion = 55;
	objects = {

/* Begin PBXBuildFile section */
		844199BA2900416A00656144 /* AppDelegate.swift in Sources */ = {isa = PBXBuildFile; fileRef = 844199B92900416A00656144 /* AppDelegate.swift */; };
		844199BC2900416A00656144 /* SceneDelegate.swift in Sources */ = {isa = PBXBuildFile; fileRef = 844199BB2900416A00656144 /* SceneDelegate.swift */; };
		844199BE2900416A00656144 /* ViewController.swift in Sources */ = {isa = PBXBuildFile; fileRef = 844199BD2900416A00656144 /* ViewController.swift */; };
		844199C12900416A00656144 /* Main.storyboard in Resources */ = {isa = PBXBuildFile; fileRef = 844199BF2900416A00656144 /* Main.storyboard */; };
		844199C32900416A00656144 /* Assets.xcassets in Resources */ = {isa = PBXBuildFile; fileRef = 844199C22900416A00656144 /* Assets.xcassets */; };
		844199C62900416A00656144 /* LaunchScreen.storyboard in Resources */ = {isa = PBXBuildFile; fileRef = 844199C42900416A00656144 /* LaunchScreen.storyboard */; };
		844199D12900416B00656144 /* Display_A__Tests.swift in Sources */ = {isa = PBXBuildFile; fileRef = 844199D02900416B00656144 /* Display_A__Tests.swift */; };
		844199DB2900416B00656144 /* Display_A__UITests.swift in Sources */ = {isa = PBXBuildFile; fileRef = 844199DA2900416B00656144 /* Display_A__UITests.swift */; };
		844199DD2900416B00656144 /* Display_A__UITestsLaunchTests.swift in Sources */ = {isa = PBXBuildFile; fileRef = 844199DC2900416B00656144 /* Display_A__UITestsLaunchTests.swift */; };
/* End PBXBuildFile section */

/* Begin PBXContainerItemProxy section */
		844199CD2900416A00656144 /* PBXContainerItemProxy */ = {
			isa = PBXContainerItemProxy;
			containerPortal = 844199AE2900416A00656144 /* Project object */;
			proxyType = 1;
			remoteGlobalIDString = 844199B52900416A00656144;
			remoteInfo = "Display A #";
		};
		844199D72900416B00656144 /* PBXContainerItemProxy */ = {
			isa = PBXContainerItemProxy;
			containerPortal = 844199AE2900416A00656144 /* Project object */;
			proxyType = 1;
			remoteGlobalIDString = 844199B52900416A00656144;
			remoteInfo = "Display A #";
		};
/* End PBXContainerItemProxy section */

/* Begin PBXFileReference section */
		844199B62900416A00656144 /* Display A #.app */ = {isa = PBXFileReference; explicitFileType = wrapper.application; includeInIndex = 0; path = "Display A #.app"; sourceTree = BUILT_PRODUCTS_DIR; };
		844199B92900416A00656144 /* AppDelegate.swift */ = {isa = PBXFileReference; lastKnownFileType = sourcecode.swift; path = AppDelegate.swift; sourceTree = "<group>"; };
		844199BB2900416A00656144 /* SceneDelegate.swift */ = {isa = PBXFileReference; lastKnownFileType = sourcecode.swift; path = SceneDelegate.swift; sourceTree = "<group>"; };
		844199BD2900416A00656144 /* ViewController.swift */ = {isa = PBXFileReference; lastKnownFileType = sourcecode.swift; path = ViewController.swift; sourceTree = "<group>"; };
		844199C02900416A00656144 /* Base */ = {isa = PBXFileReference; lastKnownFileType = file.storyboard; name = Base; path = Base.lproj/Main.storyboard; sourceTree = "<group>"; };
		844199C22900416A00656144 /* Assets.xcassets */ = {isa = PBXFileReference; lastKnownFileType = folder.assetcatalog; path = Assets.xcassets; sourceTree = "<group>"; };
		844199C52900416A00656144 /* Base */ = {isa = PBXFileReference; lastKnownFileType = file.storyboard; name = Base; path = Base.lproj/LaunchScreen.storyboard; sourceTree = "<group>"; };
		844199C72900416A00656144 /* Info.plist */ = {isa = PBXFileReference; lastKnownFileType = text.plist.xml; path = Info.plist; sourceTree = "<group>"; };
		844199CC2900416A00656144 /* Display A #Tests.xctest */ = {isa = PBXFileReference; explicitFileType = wrapper.cfbundle; includeInIndex = 0; path = "Display A #Tests.xctest"; sourceTree = BUILT_PRODUCTS_DIR; };
		844199D02900416B00656144 /* Display_A__Tests.swift */ = {isa = PBXFileReference; lastKnownFileType = sourcecode.swift; path = Display_A__Tests.swift; sourceTree = "<group>"; };
		844199D62900416B00656144 /* Display A #UITests.xctest */ = {isa = PBXFileReference; explicitFileType = wrapper.cfbundle; includeInIndex = 0; path = "Display A #UITests.xctest"; sourceTree = BUILT_PRODUCTS_DIR; };
		844199DA2900416B00656144 /* Display_A__UITests.swift */ = {isa = PBXFileReference; lastKnownFileType = sourcecode.swift; path = Display_A__UITests.swift; sourceTree = "<group>"; };
		844199DC2900416B00656144 /* Display_A__UITestsLaunchTests.swift */ = {isa = PBXFileReference; lastKnownFileType = sourcecode.swift; path = Display_A__UITestsLaunchTests.swift; sourceTree = "<group>"; };
/* End PBXFileReference section */

/* Begin PBXFrameworksBuildPhase section */
		844199B32900416A00656144 /* Frameworks */ = {
			isa = PBXFrameworksBuildPhase;
			buildActionMask = 2147483647;
			files = (
			);
			runOnlyForDeploymentPostprocessing = 0;
		};
		844199C92900416A00656144 /* Frameworks */ = {
			isa = PBXFrameworksBuildPhase;
			buildActionMask = 2147483647;
			files = (
			);
			runOnlyForDeploymentPostprocessing = 0;
		};
		844199D32900416B00656144 /* Frameworks */ = {
			isa = PBXFrameworksBuildPhase;
			buildActionMask = 2147483647;
			files = (
			);
			runOnlyForDeploymentPostprocessing = 0;
		};
/* End PBXFrameworksBuildPhase section */

/* Begin PBXGroup section */
		844199AD2900416A00656144 = {
			isa = PBXGroup;
			children = (
				844199B82900416A00656144 /* Display A # */,
				844199CF2900416A00656144 /* Display A #Tests */,
				844199D92900416B00656144 /* Display A #UITests */,
				844199B72900416A00656144 /* Products */,
			);
			sourceTree = "<group>";
		};
		844199B72900416A00656144 /* Products */ = {
			isa = PBXGroup;
			children = (
				844199B62900416A00656144 /* Display A #.app */,
				844199CC2900416A00656144 /* Display A #Tests.xctest */,
				844199D62900416B00656144 /* Display A #UITests.xctest */,
			);
			name = Products;
			sourceTree = "<group>";
		};
		844199B82900416A00656144 /* Display A # */ = {
			isa = PBXGroup;
			children = (
				844199B92900416A00656144 /* AppDelegate.swift */,
				844199BB2900416A00656144 /* SceneDelegate.swift */,
				844199BD2900416A00656144 /* ViewController.swift */,
				844199BF2900416A00656144 /* Main.storyboard */,
				844199C22900416A00656144 /* Assets.xcassets */,
				844199C42900416A00656144 /* LaunchScreen.storyboard */,
				844199C72900416A00656144 /* Info.plist */,
			);
			path = "Display A #";
			sourceTree = "<group>";
		};
		844199CF2900416A00656144 /* Display A #Tests */ = {
			isa = PBXGroup;
			children = (
				844199D02900416B00656144 /* Display_A__Tests.swift */,
			);
			path = "Display A #Tests";
			sourceTree = "<group>";
		};
		844199D92900416B00656144 /* Display A #UITests */ = {
			isa = PBXGroup;
			children = (
				844199DA2900416B00656144 /* Display_A__UITests.swift */,
				844199DC2900416B00656144 /* Display_A__UITestsLaunchTests.swift */,
			);
			path = "Display A #UITests";
			sourceTree = "<group>";
		};
/* End PBXGroup section */

/* Begin PBXNativeTarget section */
		844199B52900416A00656144 /* Display A # */ = {
			isa = PBXNativeTarget;
			buildConfigurationList = 844199E02900416B00656144 /* Build configuration list for PBXNativeTarget "Display A #" */;
			buildPhases = (
				844199B22900416A00656144 /* Sources */,
				844199B32900416A00656144 /* Frameworks */,
				844199B42900416A00656144 /* Resources */,
			);
			buildRules = (
			);
			dependencies = (
			);
			name = "Display A #";
			productName = "Display A #";
			productReference = 844199B62900416A00656144 /* Display A #.app */;
			productType = "com.apple.product-type.application";
		};
		844199CB2900416A00656144 /* Display A #Tests */ = {
			isa = PBXNativeTarget;
			buildConfigurationList = 844199E32900416B00656144 /* Build configuration list for PBXNativeTarget "Display A #Tests" */;
			buildPhases = (
				844199C82900416A00656144 /* Sources */,
				844199C92900416A00656144 /* Frameworks */,
				844199CA2900416A00656144 /* Resources */,
			);
			buildRules = (
			);
			dependencies = (
				844199CE2900416A00656144 /* PBXTargetDependency */,
			);
			name = "Display A #Tests";
			productName = "Display A #Tests";
			productReference = 844199CC2900416A00656144 /* Display A #Tests.xctest */;
			productType = "com.apple.product-type.bundle.unit-test";
		};
		844199D52900416B00656144 /* Display A #UITests */ = {
			isa = PBXNativeTarget;
			buildConfigurationList = 844199E62900416B00656144 /* Build configuration list for PBXNativeTarget "Display A #UITests" */;
			buildPhases = (
				844199D22900416B00656144 /* Sources */,
				844199D32900416B00656144 /* Frameworks */,
				844199D42900416B00656144 /* Resources */,
			);
			buildRules = (
			);
			dependencies = (
				844199D82900416B00656144 /* PBXTargetDependency */,
			);
			name = "Display A #UITests";
			productName = "Display A #UITests";
			productReference = 844199D62900416B00656144 /* Display A #UITests.xctest */;
			productType = "com.apple.product-type.bundle.ui-testing";
		};
/* End PBXNativeTarget section */

/* Begin PBXProject section */
		844199AE2900416A00656144 /* Project object */ = {
			isa = PBXProject;
			attributes = {
				BuildIndependentTargetsInParallel = 1;
				LastSwiftUpdateCheck = 1340;
				LastUpgradeCheck = 1340;
				TargetAttributes = {
					844199B52900416A00656144 = {
						CreatedOnToolsVersion = 13.4.1;
					};
					844199CB2900416A00656144 = {
						CreatedOnToolsVersion = 13.4.1;
						TestTargetID = 844199B52900416A00656144;
					};
					844199D52900416B00656144 = {
						CreatedOnToolsVersion = 13.4.1;
						TestTargetID = 844199B52900416A00656144;
					};
				};
			};
			buildConfigurationList = 844199B12900416A00656144 /* Build configuration list for PBXProject "Display A #" */;
			compatibilityVersion = "Xcode 13.0";
			developmentRegion = en;
			hasScannedForEncodings = 0;
			knownRegions = (
				en,
				Base,
			);
			mainGroup = 844199AD2900416A00656144;
			productRefGroup = 844199B72900416A00656144 /* Products */;
			projectDirPath = "";
			projectRoot = "";
			targets = (
				844199B52900416A00656144 /* Display A # */,
				844199CB2900416A00656144 /* Display A #Tests */,
				844199D52900416B00656144 /* Display A #UITests */,
			);
		};
/* End PBXProject section */

/* Begin PBXResourcesBuildPhase section */
		844199B42900416A00656144 /* Resources */ = {
			isa = PBXResourcesBuildPhase;
			buildActionMask = 2147483647;
			files = (
				844199C62900416A00656144 /* LaunchScreen.storyboard in Resources */,
				844199C32900416A00656144 /* Assets.xcassets in Resources */,
				844199C12900416A00656144 /* Main.storyboard in Resources */,
			);
			runOnlyForDeploymentPostprocessing = 0;
		};
		844199CA2900416A00656144 /* Resources */ = {
			isa = PBXResourcesBuildPhase;
			buildActionMask = 2147483647;
			files = (
			);
			runOnlyForDeploymentPostprocessing = 0;
		};
		844199D42900416B00656144 /* Resources */ = {
			isa = PBXResourcesBuildPhase;
			buildActionMask = 2147483647;
			files = (
			);
			runOnlyForDeploymentPostprocessing = 0;
		};
/* End PBXResourcesBuildPhase section */

/* Begin PBXSourcesBuildPhase section */
		844199B22900416A00656144 /* Sources */ = {
			isa = PBXSourcesBuildPhase;
			buildActionMask = 2147483647;
			files = (
				844199BE2900416A00656144 /* ViewController.swift in Sources */,
				844199BA2900416A00656144 /* AppDelegate.swift in Sources */,
				844199BC2900416A00656144 /* SceneDelegate.swift in Sources */,
			);
			runOnlyForDeploymentPostprocessing = 0;
		};
		844199C82900416A00656144 /* Sources */ = {
			isa = PBXSourcesBuildPhase;
			buildActionMask = 2147483647;
			files = (
				844199D12900416B00656144 /* Display_A__Tests.swift in Sources */,
			);
			runOnlyForDeploymentPostprocessing = 0;
		};
		844199D22900416B00656144 /* Sources */ = {
			isa = PBXSourcesBuildPhase;
			buildActionMask = 2147483647;
			files = (
				844199DB2900416B00656144 /* Display_A__UITests.swift in Sources */,
				844199DD2900416B00656144 /* Display_A__UITestsLaunchTests.swift in Sources */,
			);
			runOnlyForDeploymentPostprocessing = 0;
		};
/* End PBXSourcesBuildPhase section */

/* Begin PBXTargetDependency section */
		844199CE2900416A00656144 /* PBXTargetDependency */ = {
			isa = PBXTargetDependency;
			target = 844199B52900416A00656144 /* Display A # */;
			targetProxy = 844199CD2900416A00656144 /* PBXContainerItemProxy */;
		};
		844199D82900416B00656144 /* PBXTargetDependency */ = {
			isa = PBXTargetDependency;
			target = 844199B52900416A00656144 /* Display A # */;
			targetProxy = 844199D72900416B00656144 /* PBXContainerItemProxy */;
		};
/* End PBXTargetDependency section */

/* Begin PBXVariantGroup section */
		844199BF2900416A00656144 /* Main.storyboard */ = {
			isa = PBXVariantGroup;
			children = (
				844199C02900416A00656144 /* Base */,
			);
			name = Main.storyboard;
			sourceTree = "<group>";
		};
		844199C42900416A00656144 /* LaunchScreen.storyboard */ = {
			isa = PBXVariantGroup;
			children = (
				844199C52900416A00656144 /* Base */,
			);
			name = LaunchScreen.storyboard;
			sourceTree = "<group>";
		};
/* End PBXVariantGroup section */

/* Begin XCBuildConfiguration section */
		844199DE2900416B00656144 /* Debug */ = {
			isa = XCBuildConfiguration;
			buildSettings = {
				ALWAYS_SEARCH_USER_PATHS = NO;
				CLANG_ANALYZER_NONNULL = YES;
				CLANG_ANALYZER_NUMBER_OBJECT_CONVERSION = YES_AGGRESSIVE;
				CLANG_CXX_LANGUAGE_STANDARD = "gnu++17";
				CLANG_ENABLE_MODULES = YES;
				CLANG_ENABLE_OBJC_ARC = YES;
				CLANG_ENABLE_OBJC_WEAK = YES;
				CLANG_WARN_BLOCK_CAPTURE_AUTORELEASING = YES;
				CLANG_WARN_BOOL_CONVERSION = YES;
				CLANG_WARN_COMMA = YES;
				CLANG_WARN_CONSTANT_CONVERSION = YES;
				CLANG_WARN_DEPRECATED_OBJC_IMPLEMENTATIONS = YES;
				CLANG_WARN_DIRECT_OBJC_ISA_USAGE = YES_ERROR;
				CLANG_WARN_DOCUMENTATION_COMMENTS = YES;
				CLANG_WARN_EMPTY_BODY = YES;
				CLANG_WARN_ENUM_CONVERSION = YES;
				CLANG_WARN_INFINITE_RECURSION = YES;
				CLANG_WARN_INT_CONVERSION = YES;
				CLANG_WARN_NON_LITERAL_NULL_CONVERSION = YES;
				CLANG_WARN_OBJC_IMPLICIT_RETAIN_SELF = YES;
				CLANG_WARN_OBJC_LITERAL_CONVERSION = YES;
				CLANG_WARN_OBJC_ROOT_CLASS = YES_ERROR;
				CLANG_WARN_QUOTED_INCLUDE_IN_FRAMEWORK_HEADER = YES;
				CLANG_WARN_RANGE_LOOP_ANALYSIS = YES;
				CLANG_WARN_STRICT_PROTOTYPES = YES;
				CLANG_WARN_SUSPICIOUS_MOVE = YES;
				CLANG_WARN_UNGUARDED_AVAILABILITY = YES_AGGRESSIVE;
				CLANG_WARN_UNREACHABLE_CODE = YES;
				CLANG_WARN__DUPLICATE_METHOD_MATCH = YES;
				COPY_PHASE_STRIP = NO;
				DEBUG_INFORMATION_FORMAT = dwarf;
				ENABLE_STRICT_OBJC_MSGSEND = YES;
				ENABLE_TESTABILITY = YES;
				GCC_C_LANGUAGE_STANDARD = gnu11;
				GCC_DYNAMIC_NO_PIC = NO;
				GCC_NO_COMMON_BLOCKS = YES;
				GCC_OPTIMIZATION_LEVEL = 0;
				GCC_PREPROCESSOR_DEFINITIONS = (
					"DEBUG=1",
					"$(inherited)",
				);
				GCC_WARN_64_TO_32_BIT_CONVERSION = YES;
				GCC_WARN_ABOUT_RETURN_TYPE = YES_ERROR;
				GCC_WARN_UNDECLARED_SELECTOR = YES;
				GCC_WARN_UNINITIALIZED_AUTOS = YES_AGGRESSIVE;
				GCC_WARN_UNUSED_FUNCTION = YES;
				GCC_WARN_UNUSED_VARIABLE = YES;
				IPHONEOS_DEPLOYMENT_TARGET = 15.5;
				MTL_ENABLE_DEBUG_INFO = INCLUDE_SOURCE;
				MTL_FAST_MATH = YES;
				ONLY_ACTIVE_ARCH = YES;
				SDKROOT = iphoneos;
				SWIFT_ACTIVE_COMPILATION_CONDITIONS = DEBUG;
				SWIFT_OPTIMIZATION_LEVEL = "-Onone";
			};
			name = Debug;
		};
		844199DF2900416B00656144 /* Release */ = {
			isa = XCBuildConfiguration;
			buildSettings = {
				ALWAYS_SEARCH_USER_PATHS = NO;
				CLANG_ANALYZER_NONNULL = YES;
				CLANG_ANALYZER_NUMBER_OBJECT_CONVERSION = YES_AGGRESSIVE;
				CLANG_CXX_LANGUAGE_STANDARD = "gnu++17";
				CLANG_ENABLE_MODULES = YES;
				CLANG_ENABLE_OBJC_ARC = YES;
				CLANG_ENABLE_OBJC_WEAK = YES;
				CLANG_WARN_BLOCK_CAPTURE_AUTORELEASING = YES;
				CLANG_WARN_BOOL_CONVERSION = YES;
				CLANG_WARN_COMMA = YES;
				CLANG_WARN_CONSTANT_CONVERSION = YES;
				CLANG_WARN_DEPRECATED_OBJC_IMPLEMENTATIONS = YES;
				CLANG_WARN_DIRECT_OBJC_ISA_USAGE = YES_ERROR;
				CLANG_WARN_DOCUMENTATION_COMMENTS = YES;
				CLANG_WARN_EMPTY_BODY = YES;
				CLANG_WARN_ENUM_CONVERSION = YES;
				CLANG_WARN_INFINITE_RECURSION = YES;
				CLANG_WARN_INT_CONVERSION = YES;
				CLANG_WARN_NON_LITERAL_NULL_CONVERSION = YES;
				CLANG_WARN_OBJC_IMPLICIT_RETAIN_SELF = YES;
				CLANG_WARN_OBJC_LITERAL_CONVERSION = YES;
				CLANG_WARN_OBJC_ROOT_CLASS = YES_ERROR;
				CLANG_WARN_QUOTED_INCLUDE_IN_FRAMEWORK_HEADER = YES;
				CLANG_WARN_RANGE_LOOP_ANALYSIS = YES;
				CLANG_WARN_STRICT_PROTOTYPES = YES;
				CLANG_WARN_SUSPICIOUS_MOVE = YES;
				CLANG_WARN_UNGUARDED_AVAILABILITY = YES_AGGRESSIVE;
				CLANG_WARN_UNREACHABLE_CODE = YES;
				CLANG_WARN__DUPLICATE_METHOD_MATCH = YES;
				COPY_PHASE_STRIP = NO;
				DEBUG_INFORMATION_FORMAT = "dwarf-with-dsym";
				ENABLE_NS_ASSERTIONS = NO;
				ENABLE_STRICT_OBJC_MSGSEND = YES;
				GCC_C_LANGUAGE_STANDARD = gnu11;
				GCC_NO_COMMON_BLOCKS = YES;
				GCC_WARN_64_TO_32_BIT_CONVERSION = YES;
				GCC_WARN_ABOUT_RETURN_TYPE = YES_ERROR;
				GCC_WARN_UNDECLARED_SELECTOR = YES;
				GCC_WARN_UNINITIALIZED_AUTOS = YES_AGGRESSIVE;
				GCC_WARN_UNUSED_FUNCTION = YES;
				GCC_WARN_UNUSED_VARIABLE = YES;
				IPHONEOS_DEPLOYMENT_TARGET = 15.5;
				MTL_ENABLE_DEBUG_INFO = NO;
				MTL_FAST_MATH = YES;
				SDKROOT = iphoneos;
				SWIFT_COMPILATION_MODE = wholemodule;
				SWIFT_OPTIMIZATION_LEVEL = "-O";
				VALIDATE_PRODUCT = YES;
			};
			name = Release;
		};
		844199E12900416B00656144 /* Debug */ = {
			isa = XCBuildConfiguration;
			buildSettings = {
				ASSETCATALOG_COMPILER_APPICON_NAME = AppIcon;
				ASSETCATALOG_COMPILER_GLOBAL_ACCENT_COLOR_NAME = AccentColor;
				CODE_SIGN_STYLE = Automatic;
				CURRENT_PROJECT_VERSION = 1;
				DEVELOPMENT_TEAM = DZ3TA47N89;
				GENERATE_INFOPLIST_FILE = YES;
				INFOPLIST_FILE = "Display A #/Info.plist";
				INFOPLIST_KEY_UIApplicationSupportsIndirectInputEvents = YES;
				INFOPLIST_KEY_UILaunchStoryboardName = LaunchScreen;
				INFOPLIST_KEY_UIMainStoryboardFile = Main;
				INFOPLIST_KEY_UISupportedInterfaceOrientations_iPad = "UIInterfaceOrientationPortrait UIInterfaceOrientationPortraitUpsideDown UIInterfaceOrientationLandscapeLeft UIInterfaceOrientationLandscapeRight";
				INFOPLIST_KEY_UISupportedInterfaceOrientations_iPhone = "UIInterfaceOrientationPortrait UIInterfaceOrientationLandscapeLeft UIInterfaceOrientationLandscapeRight";
				LD_RUNPATH_SEARCH_PATHS = (
					"$(inherited)",
					"@executable_path/Frameworks",
				);
				MARKETING_VERSION = 1.0;
				PRODUCT_BUNDLE_IDENTIFIER = "org.d127.240385.Display-A--";
				PRODUCT_NAME = "$(TARGET_NAME)";
				SWIFT_EMIT_LOC_STRINGS = YES;
				SWIFT_VERSION = 5.0;
				TARGETED_DEVICE_FAMILY = "1,2";
			};
			name = Debug;
		};
		844199E22900416B00656144 /* Release */ = {
			isa = XCBuildConfiguration;
			buildSettings = {
				ASSETCATALOG_COMPILER_APPICON_NAME = AppIcon;
				ASSETCATALOG_COMPILER_GLOBAL_ACCENT_COLOR_NAME = AccentColor;
				CODE_SIGN_STYLE = Automatic;
				CURRENT_PROJECT_VERSION = 1;
				DEVELOPMENT_TEAM = DZ3TA47N89;
				GENERATE_INFOPLIST_FILE = YES;
				INFOPLIST_FILE = "Display A #/Info.plist";
				INFOPLIST_KEY_UIApplicationSupportsIndirectInputEvents = YES;
				INFOPLIST_KEY_UILaunchStoryboardName = LaunchScreen;
				INFOPLIST_KEY_UIMainStoryboardFile = Main;
				INFOPLIST_KEY_UISupportedInterfaceOrientations_iPad = "UIInterfaceOrientationPortrait UIInterfaceOrientationPortraitUpsideDown UIInterfaceOrientationLandscapeLeft UIInterfaceOrientationLandscapeRight";
				INFOPLIST_KEY_UISupportedInterfaceOrientations_iPhone = "UIInterfaceOrientationPortrait UIInterfaceOrientationLandscapeLeft UIInterfaceOrientationLandscapeRight";
				LD_RUNPATH_SEARCH_PATHS = (
					"$(inherited)",
					"@executable_path/Frameworks",
				);
				MARKETING_VERSION = 1.0;
				PRODUCT_BUNDLE_IDENTIFIER = "org.d127.240385.Display-A--";
				PRODUCT_NAME = "$(TARGET_NAME)";
				SWIFT_EMIT_LOC_STRINGS = YES;
				SWIFT_VERSION = 5.0;
				TARGETED_DEVICE_FAMILY = "1,2";
			};
			name = Release;
		};
		844199E42900416B00656144 /* Debug */ = {
			isa = XCBuildConfiguration;
			buildSettings = {
				ALWAYS_EMBED_SWIFT_STANDARD_LIBRARIES = YES;
				BUNDLE_LOADER = "$(TEST_HOST)";
				CODE_SIGN_STYLE = Automatic;
				CURRENT_PROJECT_VERSION = 1;
				DEVELOPMENT_TEAM = DZ3TA47N89;
				GENERATE_INFOPLIST_FILE = YES;
				IPHONEOS_DEPLOYMENT_TARGET = 15.5;
				MARKETING_VERSION = 1.0;
				PRODUCT_BUNDLE_IDENTIFIER = "org.d127.240385.Display-A--Tests";
				PRODUCT_NAME = "$(TARGET_NAME)";
				SWIFT_EMIT_LOC_STRINGS = NO;
				SWIFT_VERSION = 5.0;
				TARGETED_DEVICE_FAMILY = "1,2";
				TEST_HOST = "$(BUILT_PRODUCTS_DIR)/Display A #.app/Display A #";
			};
			name = Debug;
		};
		844199E52900416B00656144 /* Release */ = {
			isa = XCBuildConfiguration;
			buildSettings = {
				ALWAYS_EMBED_SWIFT_STANDARD_LIBRARIES = YES;
				BUNDLE_LOADER = "$(TEST_HOST)";
				CODE_SIGN_STYLE = Automatic;
				CURRENT_PROJECT_VERSION = 1;
				DEVELOPMENT_TEAM = DZ3TA47N89;
				GENERATE_INFOPLIST_FILE = YES;
				IPHONEOS_DEPLOYMENT_TARGET = 15.5;
				MARKETING_VERSION = 1.0;
				PRODUCT_BUNDLE_IDENTIFIER = "org.d127.240385.Display-A--Tests";
				PRODUCT_NAME = "$(TARGET_NAME)";
				SWIFT_EMIT_LOC_STRINGS = NO;
				SWIFT_VERSION = 5.0;
				TARGETED_DEVICE_FAMILY = "1,2";
				TEST_HOST = "$(BUILT_PRODUCTS_DIR)/Display A #.app/Display A #";
			};
			name = Release;
		};
		844199E72900416B00656144 /* Debug */ = {
			isa = XCBuildConfiguration;
			buildSettings = {
				ALWAYS_EMBED_SWIFT_STANDARD_LIBRARIES = YES;
				CODE_SIGN_STYLE = Automatic;
				CURRENT_PROJECT_VERSION = 1;
				DEVELOPMENT_TEAM = DZ3TA47N89;
				GENERATE_INFOPLIST_FILE = YES;
				MARKETING_VERSION = 1.0;
				PRODUCT_BUNDLE_IDENTIFIER = "org.d127.240385.Display-A--UITests";
				PRODUCT_NAME = "$(TARGET_NAME)";
				SWIFT_EMIT_LOC_STRINGS = NO;
				SWIFT_VERSION = 5.0;
				TARGETED_DEVICE_FAMILY = "1,2";
				TEST_TARGET_NAME = "Display A #";
			};
			name = Debug;
		};
		844199E82900416B00656144 /* Release */ = {
			isa = XCBuildConfiguration;
			buildSettings = {
				ALWAYS_EMBED_SWIFT_STANDARD_LIBRARIES = YES;
				CODE_SIGN_STYLE = Automatic;
				CURRENT_PROJECT_VERSION = 1;
				DEVELOPMENT_TEAM = DZ3TA47N89;
				GENERATE_INFOPLIST_FILE = YES;
				MARKETING_VERSION = 1.0;
				PRODUCT_BUNDLE_IDENTIFIER = "org.d127.240385.Display-A--UITests";
				PRODUCT_NAME = "$(TARGET_NAME)";
				SWIFT_EMIT_LOC_STRINGS = NO;
				SWIFT_VERSION = 5.0;
				TARGETED_DEVICE_FAMILY = "1,2";
				TEST_TARGET_NAME = "Display A #";
			};
			name = Release;
		};
/* End XCBuildConfiguration section */

/* Begin XCConfigurationList section */
		844199B12900416A00656144 /* Build configuration list for PBXProject "Display A #" */ = {
			isa = XCConfigurationList;
			buildConfigurations = (
				844199DE2900416B00656144 /* Debug */,
				844199DF2900416B00656144 /* Release */,
			);
			defaultConfigurationIsVisible = 0;
			defaultConfigurationName = Release;
		};
		844199E02900416B00656144 /* Build configuration list for PBXNativeTarget "Display A #" */ = {
			isa = XCConfigurationList;
			buildConfigurations = (
				844199E12900416B00656144 /* Debug */,
				844199E22900416B00656144 /* Release */,
			);
			defaultConfigurationIsVisible = 0;
			defaultConfigurationName = Release;
		};
		844199E32900416B00656144 /* Build configuration list for PBXNativeTarget "Display A #Tests" */ = {
			isa = XCConfigurationList;
			buildConfigurations = (
				844199E42900416B00656144 /* Debug */,
				844199E52900416B00656144 /* Release */,
			);
			defaultConfigurationIsVisible = 0;
			defaultConfigurationName = Release;
		};
		844199E62900416B00656144 /* Build configuration list for PBXNativeTarget "Display A #UITests" */ = {
			isa = XCConfigurationList;
			buildConfigurations = (
				844199E72900416B00656144 /* Debug */,
				844199E82900416B00656144 /* Release */,
			);
			defaultConfigurationIsVisible = 0;
			defaultConfigurationName = Release;
		};
/* End XCConfigurationList section */
	};
	rootObject = 844199AE2900416A00656144 /* Project object */;
}
